// !$*UTF8*$!
{
	archiveVersion = 1;
	classes = {
	};
	objectVersion = 56;
	objects = {

/* Begin PBXBuildFile section */
		59091DC52BCF1D2B0025F6EF /* FindViews.swift in Sources */ = {isa = PBXBuildFile; fileRef = 59091DC42BCF1D2B0025F6EF /* FindViews.swift */; };
		59091DC72BCF39CC0025F6EF /* RespiratoryResultsChartPlaceHolder.swift in Sources */ = {isa = PBXBuildFile; fileRef = 59091DC62BCF39CC0025F6EF /* RespiratoryResultsChartPlaceHolder.swift */; };
		590B13632B740271005A7659 /* CircularProgressView.swift in Sources */ = {isa = PBXBuildFile; fileRef = 590B13622B740271005A7659 /* CircularProgressView.swift */; };
		590B13652B740E92005A7659 /* ExerciseResultsScreen.swift in Sources */ = {isa = PBXBuildFile; fileRef = 590B13642B740E92005A7659 /* ExerciseResultsScreen.swift */; };
		5923B5D52BB0601900171985 /* MEPMeasurement.swift in Sources */ = {isa = PBXBuildFile; fileRef = 5923B5D42BB0601900171985 /* MEPMeasurement.swift */; };
		5923B5D72BB0603600171985 /* MIPMeasurement.swift in Sources */ = {isa = PBXBuildFile; fileRef = 5923B5D62BB0603600171985 /* MIPMeasurement.swift */; };
		593207EB2BFA34660011096D /* Modify.swift in Sources */ = {isa = PBXBuildFile; fileRef = 593207EA2BFA34660011096D /* Modify.swift */; };
		593207ED2BFA4DC90011096D /* ScrollingRespiratoryExerciseMeasurementScreen.swift in Sources */ = {isa = PBXBuildFile; fileRef = 593207EC2BFA4DC90011096D /* ScrollingRespiratoryExerciseMeasurementScreen.swift */; };
		593207F02BFA4EDE0011096D /* ScrollingPredictedRespiratoryChart.swift in Sources */ = {isa = PBXBuildFile; fileRef = 593207EF2BFA4EDE0011096D /* ScrollingPredictedRespiratoryChart.swift */; };
		593207F22BFC1DFF0011096D /* EnduranceAccuracy.swift in Sources */ = {isa = PBXBuildFile; fileRef = 593207F12BFC1DFF0011096D /* EnduranceAccuracy.swift */; };
		593207F52BFC27890011096D /* EnduranceCurrentMeasurement.swift in Sources */ = {isa = PBXBuildFile; fileRef = 593207F42BFC27890011096D /* EnduranceCurrentMeasurement.swift */; };
		593207F72BFC283C0011096D /* EndurancePred.swift in Sources */ = {isa = PBXBuildFile; fileRef = 593207F62BFC283C0011096D /* EndurancePred.swift */; };
		593D424D2B78F816008065B8 /* ExerciseSetupScreen.swift in Sources */ = {isa = PBXBuildFile; fileRef = 593D424C2B78F816008065B8 /* ExerciseSetupScreen.swift */; };
		593D424F2B791071008065B8 /* ChangeValueButton.swift in Sources */ = {isa = PBXBuildFile; fileRef = 593D424E2B791071008065B8 /* ChangeValueButton.swift */; };
		593D42512B7916FF008065B8 /* ChangeValueView.swift in Sources */ = {isa = PBXBuildFile; fileRef = 593D42502B7916FF008065B8 /* ChangeValueView.swift */; };
		593D42552B7924BE008065B8 /* RespiratoryExerciseMeasurementScreen.swift in Sources */ = {isa = PBXBuildFile; fileRef = 593D42542B7924BE008065B8 /* RespiratoryExerciseMeasurementScreen.swift */; };
		593D425E2B7E70F6008065B8 /* ChangeNavBarColor.swift in Sources */ = {isa = PBXBuildFile; fileRef = 593D425D2B7E70F6008065B8 /* ChangeNavBarColor.swift */; };
		593D42602B7E7E65008065B8 /* RootView.swift in Sources */ = {isa = PBXBuildFile; fileRef = 593D425F2B7E7E65008065B8 /* RootView.swift */; };
		593D42622B7E979C008065B8 /* PredictedRespiratoryChart.swift in Sources */ = {isa = PBXBuildFile; fileRef = 593D42612B7E979C008065B8 /* PredictedRespiratoryChart.swift */; };
		593D42642B7E9C09008065B8 /* RespiratoryMuscleMovementChart.swift in Sources */ = {isa = PBXBuildFile; fileRef = 593D42632B7E9C09008065B8 /* RespiratoryMuscleMovementChart.swift */; };
		594334852B6F91BC00ADE124 /* GridCell.swift in Sources */ = {isa = PBXBuildFile; fileRef = 594334842B6F91BC00ADE124 /* GridCell.swift */; };
		594334872B6F9C9100ADE124 /* RespiratoryResultsTable.swift in Sources */ = {isa = PBXBuildFile; fileRef = 594334862B6F9C9100ADE124 /* RespiratoryResultsTable.swift */; };
		5943348A2B6FA25E00ADE124 /* LungCapacityResultsScreen.swift in Sources */ = {isa = PBXBuildFile; fileRef = 594334892B6FA25E00ADE124 /* LungCapacityResultsScreen.swift */; };
		5943348E2B6FA32300ADE124 /* LungCapacityResultsChart.swift in Sources */ = {isa = PBXBuildFile; fileRef = 5943348D2B6FA32300ADE124 /* LungCapacityResultsChart.swift */; };
		594334902B6FA65700ADE124 /* LungCapacityResultsTable.swift in Sources */ = {isa = PBXBuildFile; fileRef = 5943348F2B6FA65700ADE124 /* LungCapacityResultsTable.swift */; };
		594334922B6FB63600ADE124 /* LungCapacityResultsListScreen.swift in Sources */ = {isa = PBXBuildFile; fileRef = 594334912B6FB63600ADE124 /* LungCapacityResultsListScreen.swift */; };
		594334942B6FC2B100ADE124 /* LungCapacityMeasurementScreen.swift in Sources */ = {isa = PBXBuildFile; fileRef = 594334932B6FC2B000ADE124 /* LungCapacityMeasurementScreen.swift */; };
		594334962B6FC41000ADE124 /* LungCapacityMeasurementTable.swift in Sources */ = {isa = PBXBuildFile; fileRef = 594334952B6FC41000ADE124 /* LungCapacityMeasurementTable.swift */; };
		59458E532BEC4D3100665175 /* ExerciseResult.swift in Sources */ = {isa = PBXBuildFile; fileRef = 59458E522BEC4D3100665175 /* ExerciseResult.swift */; };
		59458E552BEC584C00665175 /* getExerciseResultDescription.swift in Sources */ = {isa = PBXBuildFile; fileRef = 59458E542BEC584C00665175 /* getExerciseResultDescription.swift */; };
		59458E572BECBD9500665175 /* ExerciseSetting.swift in Sources */ = {isa = PBXBuildFile; fileRef = 59458E562BECBD9500665175 /* ExerciseSetting.swift */; };
		5948E23C2BFD350400BAA78C /* EnduranceUIValues.swift in Sources */ = {isa = PBXBuildFile; fileRef = 5948E23B2BFD350400BAA78C /* EnduranceUIValues.swift */; };
		595788462BA6FF5300A5B8F5 /* InformationPopup.swift in Sources */ = {isa = PBXBuildFile; fileRef = 595788452BA6FF5300A5B8F5 /* InformationPopup.swift */; };
		595788482BA7095900A5B8F5 /* DeleteUserButton.swift in Sources */ = {isa = PBXBuildFile; fileRef = 595788472BA7095900A5B8F5 /* DeleteUserButton.swift */; };
		5957884A2BA70E2100A5B8F5 /* GridRowButton.swift in Sources */ = {isa = PBXBuildFile; fileRef = 595788492BA70E2100A5B8F5 /* GridRowButton.swift */; };
		597E3BEA2BA4C8E000AD5450 /* Commands.swift in Sources */ = {isa = PBXBuildFile; fileRef = 597E3BE92BA4C8E000AD5450 /* Commands.swift */; };
		5998222D2BB04C6F00B5EE32 /* RespiratoryMeasurement.swift in Sources */ = {isa = PBXBuildFile; fileRef = 5998222C2BB04C6F00B5EE32 /* RespiratoryMeasurement.swift */; };
		5998222F2BB04CC900B5EE32 /* Measurement.swift in Sources */ = {isa = PBXBuildFile; fileRef = 5998222E2BB04CC900B5EE32 /* Measurement.swift */; };
		599F41A42B951EDF00A20E44 /* Locales.swift in Sources */ = {isa = PBXBuildFile; fileRef = 599F41A32B951EDF00A20E44 /* Locales.swift */; };
		599F41A62B96127E00A20E44 /* Screens.swift in Sources */ = {isa = PBXBuildFile; fileRef = 599F41A52B96127E00A20E44 /* Screens.swift */; };
		599F41A82B96130900A20E44 /* Tabs.swift in Sources */ = {isa = PBXBuildFile; fileRef = 599F41A72B96130900A20E44 /* Tabs.swift */; };
		599F41AA2B96171700A20E44 /* NavigationStore.swift in Sources */ = {isa = PBXBuildFile; fileRef = 599F41A92B96171700A20E44 /* NavigationStore.swift */; };
		59A4BB1D2BD526EE006DD932 /* LungCapacityResultsChartPlaceHolder.swift in Sources */ = {isa = PBXBuildFile; fileRef = 59A4BB1C2BD526EE006DD932 /* LungCapacityResultsChartPlaceHolder.swift */; };
		59A4BB1F2BD5BB80006DD932 /* LungMeasurement.swift in Sources */ = {isa = PBXBuildFile; fileRef = 59A4BB1E2BD5BB80006DD932 /* LungMeasurement.swift */; };
		59A4BB212BDA6A42006DD932 /* calculateFlowRate.swift in Sources */ = {isa = PBXBuildFile; fileRef = 59A4BB202BDA6A42006DD932 /* calculateFlowRate.swift */; };
		59A4BB272BDBCA47006DD932 /* predFVC.swift in Sources */ = {isa = PBXBuildFile; fileRef = 59A4BB262BDBCA47006DD932 /* predFVC.swift */; };
		59A4BB2A2BDBCC6E006DD932 /* predFEV1.swift in Sources */ = {isa = PBXBuildFile; fileRef = 59A4BB292BDBCC6E006DD932 /* predFEV1.swift */; };
		59A4BB2C2BDBCCAC006DD932 /* predFEF_25_to_75.swift in Sources */ = {isa = PBXBuildFile; fileRef = 59A4BB2B2BDBCCAC006DD932 /* predFEF_25_to_75.swift */; };
		59A4BB2E2BDBCCBD006DD932 /* predPEF.swift in Sources */ = {isa = PBXBuildFile; fileRef = 59A4BB2D2BDBCCBD006DD932 /* predPEF.swift */; };
		59A4BB302BDE6929006DD932 /* diagnoseResults.swift in Sources */ = {isa = PBXBuildFile; fileRef = 59A4BB2F2BDE6929006DD932 /* diagnoseResults.swift */; };
		59A863622B9DAC1500B9E13A /* User.swift in Sources */ = {isa = PBXBuildFile; fileRef = 59A863612B9DAC1500B9E13A /* User.swift */; };
		59A863662B9DBA8F00B9E13A /* calculateAge.swift in Sources */ = {isa = PBXBuildFile; fileRef = 59A863652B9DBA8F00B9E13A /* calculateAge.swift */; };
		59A863682B9DE86C00B9E13A /* AlertPopup.swift in Sources */ = {isa = PBXBuildFile; fileRef = 59A863672B9DE86C00B9E13A /* AlertPopup.swift */; };
		59A8636A2B9E003700B9E13A /* CircleShape.swift in Sources */ = {isa = PBXBuildFile; fileRef = 59A863692B9E003700B9E13A /* CircleShape.swift */; };
		59A8636C2B9E005F00B9E13A /* TabBarButton.swift in Sources */ = {isa = PBXBuildFile; fileRef = 59A8636B2B9E005F00B9E13A /* TabBarButton.swift */; };
		59ACA8072BE78FDE001B55DF /* SelectedProfileView.swift in Sources */ = {isa = PBXBuildFile; fileRef = 59ACA8062BE78FDE001B55DF /* SelectedProfileView.swift */; };
		59ACA8092BE7D3B3001B55DF /* Ints.swift in Sources */ = {isa = PBXBuildFile; fileRef = 59ACA8082BE7D3B3001B55DF /* Ints.swift */; };
		59B768702B729C5F00D1BA57 /* ChooseExerciseScreen.swift in Sources */ = {isa = PBXBuildFile; fileRef = 59B7686F2B729C5F00D1BA57 /* ChooseExerciseScreen.swift */; };
		59B768722B72A00E00D1BA57 /* BreathingExerciseButton.swift in Sources */ = {isa = PBXBuildFile; fileRef = 59B768712B72A00E00D1BA57 /* BreathingExerciseButton.swift */; };
		59B768742B72A01E00D1BA57 /* BreathingExerciseSettingsButton.swift in Sources */ = {isa = PBXBuildFile; fileRef = 59B768732B72A01E00D1BA57 /* BreathingExerciseSettingsButton.swift */; };
		59B768762B72A56700D1BA57 /* ExercisesResultsListScreen.swift in Sources */ = {isa = PBXBuildFile; fileRef = 59B768752B72A56700D1BA57 /* ExercisesResultsListScreen.swift */; };
		59B768782B72A95400D1BA57 /* EnduranceExerciseMeasurementScreen.swift in Sources */ = {isa = PBXBuildFile; fileRef = 59B768772B72A95400D1BA57 /* EnduranceExerciseMeasurementScreen.swift */; };
		59BB70392B90DD2A0045DD23 /* Strings.swift in Sources */ = {isa = PBXBuildFile; fileRef = 59BB70382B90DD2A0045DD23 /* Strings.swift */; };
		59BB703C2B90E0ED0045DD23 /* CBCentralManagerMock.swift in Sources */ = {isa = PBXBuildFile; fileRef = 59BB703B2B90E0ED0045DD23 /* CBCentralManagerMock.swift */; };
		59BB703E2B90E10B0045DD23 /* Mock.swift in Sources */ = {isa = PBXBuildFile; fileRef = 59BB703D2B90E10B0045DD23 /* Mock.swift */; };
		59BB70402B90E1200045DD23 /* CBPeripheralMock.swift in Sources */ = {isa = PBXBuildFile; fileRef = 59BB703F2B90E1200045DD23 /* CBPeripheralMock.swift */; };
		59BB70422B90E1540045DD23 /* ServiceCharacteristicsMock.swift in Sources */ = {isa = PBXBuildFile; fileRef = 59BB70412B90E1540045DD23 /* ServiceCharacteristicsMock.swift */; };
		59C686B52B6816B300A827C1 /* MEPApp.swift in Sources */ = {isa = PBXBuildFile; fileRef = 59C686B42B6816B300A827C1 /* MEPApp.swift */; };
		59C686B72B6816B300A827C1 /* ContentView.swift in Sources */ = {isa = PBXBuildFile; fileRef = 59C686B62B6816B300A827C1 /* ContentView.swift */; };
		59C686B92B6816B400A827C1 /* Assets.xcassets in Resources */ = {isa = PBXBuildFile; fileRef = 59C686B82B6816B400A827C1 /* Assets.xcassets */; };
		59C686BC2B6816B400A827C1 /* Preview Assets.xcassets in Resources */ = {isa = PBXBuildFile; fileRef = 59C686BB2B6816B400A827C1 /* Preview Assets.xcassets */; };
		59C686BE2B6816B400A827C1 /* Persistence.swift in Sources */ = {isa = PBXBuildFile; fileRef = 59C686BD2B6816B400A827C1 /* Persistence.swift */; };
		59C686CA2B68190000A827C1 /* HomeScreen.swift in Sources */ = {isa = PBXBuildFile; fileRef = 59C686C92B68190000A827C1 /* HomeScreen.swift */; };
		59C686D02B683F8000A827C1 /* SwiftUIIntrospect in Frameworks */ = {isa = PBXBuildFile; productRef = 59C686CF2B683F8000A827C1 /* SwiftUIIntrospect */; };
		59D64AFA2BACA98F002081F5 /* Collection.swift in Sources */ = {isa = PBXBuildFile; fileRef = 59D64AF92BACA98F002081F5 /* Collection.swift */; };
		59D7D6802B6BEB8C0096E3C5 /* RespiratoryMeasurementResultsScreen.swift in Sources */ = {isa = PBXBuildFile; fileRef = 59D7D67F2B6BEB8C0096E3C5 /* RespiratoryMeasurementResultsScreen.swift */; };
		59D7D6822B6BF2090096E3C5 /* RespiratoryResultsChart.swift in Sources */ = {isa = PBXBuildFile; fileRef = 59D7D6812B6BF2090096E3C5 /* RespiratoryResultsChart.swift */; };
		59D7D6862B6C1C020096E3C5 /* RespiratoryMeasurementResultsListScreen.swift in Sources */ = {isa = PBXBuildFile; fileRef = 59D7D6852B6C1C020096E3C5 /* RespiratoryMeasurementResultsListScreen.swift */; };
		59DA86052BFD403600A8C021 /* ScrollingRespiratoryMuscleMovementChart.swift in Sources */ = {isa = PBXBuildFile; fileRef = 59DA86042BFD403600A8C021 /* ScrollingRespiratoryMuscleMovementChart.swift */; };
		59DA860A2BFD452C00A8C021 /* RespiratoryAccuracy.swift in Sources */ = {isa = PBXBuildFile; fileRef = 59DA86092BFD452C00A8C021 /* RespiratoryAccuracy.swift */; };
		59DA860C2BFD45CF00A8C021 /* RespiratoryCurrentMeasurement.swift in Sources */ = {isa = PBXBuildFile; fileRef = 59DA860B2BFD45CF00A8C021 /* RespiratoryCurrentMeasurement.swift */; };
		59DA860E2BFD45E500A8C021 /* RespiratoryPred.swift in Sources */ = {isa = PBXBuildFile; fileRef = 59DA860D2BFD45E500A8C021 /* RespiratoryPred.swift */; };
		59E43A382B8E648600752CD1 /* BluetoothDevicesListScreen.swift in Sources */ = {isa = PBXBuildFile; fileRef = 59E43A372B8E648600752CD1 /* BluetoothDevicesListScreen.swift */; };
		59E43A402B8E731100752CD1 /* Peripheral.swift in Sources */ = {isa = PBXBuildFile; fileRef = 59E43A3F2B8E731100752CD1 /* Peripheral.swift */; };
		59E43A422B8E732C00752CD1 /* Service.swift in Sources */ = {isa = PBXBuildFile; fileRef = 59E43A412B8E732C00752CD1 /* Service.swift */; };
		59E43A442B8E734500752CD1 /* Characteristic.swift in Sources */ = {isa = PBXBuildFile; fileRef = 59E43A432B8E734500752CD1 /* Characteristic.swift */; };
		59E43A472B8E75D200752CD1 /* CBPeripheralProtcolDelegate.swift in Sources */ = {isa = PBXBuildFile; fileRef = 59E43A462B8E75D200752CD1 /* CBPeripheralProtcolDelegate.swift */; };
		59E43A492B8E762300752CD1 /* CoreBluetoothViewModel.swift in Sources */ = {isa = PBXBuildFile; fileRef = 59E43A482B8E762300752CD1 /* CoreBluetoothViewModel.swift */; };
		59E43A4C2B8E76B000752CD1 /* CoreBluetoothViewModelExtension.swift in Sources */ = {isa = PBXBuildFile; fileRef = 59E43A4B2B8E76B000752CD1 /* CoreBluetoothViewModelExtension.swift */; };
		59F7F2DF2B695A06000556DD /* Localizable.xcstrings in Resources */ = {isa = PBXBuildFile; fileRef = 59F7F2DE2B695A06000556DD /* Localizable.xcstrings */; };
		59F7F2E12B697985000556DD /* UserRegistrationScreen.swift in Sources */ = {isa = PBXBuildFile; fileRef = 59F7F2E02B697985000556DD /* UserRegistrationScreen.swift */; };
		59F7F2E42B6979B7000556DD /* AvatarView.swift in Sources */ = {isa = PBXBuildFile; fileRef = 59F7F2E32B6979B7000556DD /* AvatarView.swift */; };
		59F7F2E62B697C0B000556DD /* FormTextfield.swift in Sources */ = {isa = PBXBuildFile; fileRef = 59F7F2E52B697C0B000556DD /* FormTextfield.swift */; };
		59F7F2EA2B698035000556DD /* PrimaryButton.swift in Sources */ = {isa = PBXBuildFile; fileRef = 59F7F2E92B698035000556DD /* PrimaryButton.swift */; };
		59F7F2F22B6A9CF4000556DD /* FullScreenPopUp.swift in Sources */ = {isa = PBXBuildFile; fileRef = 59F7F2F12B6A9CF4000556DD /* FullScreenPopUp.swift */; };
		59F7F2F42B6AABE2000556DD /* SelectUserScreen.swift in Sources */ = {isa = PBXBuildFile; fileRef = 59F7F2F32B6AABE2000556DD /* SelectUserScreen.swift */; };
		59F7F2F62B6AAD0A000556DD /* SelectUserButton.swift in Sources */ = {isa = PBXBuildFile; fileRef = 59F7F2F52B6AAD0A000556DD /* SelectUserButton.swift */; };
		59F7F2F82B6AB98B000556DD /* UserTile.swift in Sources */ = {isa = PBXBuildFile; fileRef = 59F7F2F72B6AB98B000556DD /* UserTile.swift */; };
		59F7F2FB2B6ABA8D000556DD /* UserDeletionConfirmationPopup.swift in Sources */ = {isa = PBXBuildFile; fileRef = 59F7F2FA2B6ABA8D000556DD /* UserDeletionConfirmationPopup.swift */; };
		59F7F2FD2B6ABDDE000556DD /* FormLabel.swift in Sources */ = {isa = PBXBuildFile; fileRef = 59F7F2FC2B6ABDDE000556DD /* FormLabel.swift */; };
		59F7F3002B6AC292000556DD /* RespiratoryMeasurementScreen.swift in Sources */ = {isa = PBXBuildFile; fileRef = 59F7F2FF2B6AC292000556DD /* RespiratoryMeasurementScreen.swift */; };
		59F7F3032B6AC3E4000556DD /* NavBar.swift in Sources */ = {isa = PBXBuildFile; fileRef = 59F7F3022B6AC3E4000556DD /* NavBar.swift */; };
		59F7F3052B6AD694000556DD /* RadioButton.swift in Sources */ = {isa = PBXBuildFile; fileRef = 59F7F3042B6AD694000556DD /* RadioButton.swift */; };
		9CDABABA2D0AEAD5003F53D8 /* MEP.xcdatamodeld in Sources */ = {isa = PBXBuildFile; fileRef = 9CDABAB82D0AEAD5003F53D8 /* MEP.xcdatamodeld */; };
		9CDABABE2D0AEB18003F53D8 /* UInt8.swift in Sources */ = {isa = PBXBuildFile; fileRef = 9CDABABD2D0AEB18003F53D8 /* UInt8.swift */; };
/* End PBXBuildFile section */

/* Begin PBXFileReference section */
		59091DC42BCF1D2B0025F6EF /* FindViews.swift */ = {isa = PBXFileReference; lastKnownFileType = sourcecode.swift; path = FindViews.swift; sourceTree = "<group>"; };
		59091DC62BCF39CC0025F6EF /* RespiratoryResultsChartPlaceHolder.swift */ = {isa = PBXFileReference; lastKnownFileType = sourcecode.swift; path = RespiratoryResultsChartPlaceHolder.swift; sourceTree = "<group>"; };
		590B13622B740271005A7659 /* CircularProgressView.swift */ = {isa = PBXFileReference; lastKnownFileType = sourcecode.swift; path = CircularProgressView.swift; sourceTree = "<group>"; };
		590B13642B740E92005A7659 /* ExerciseResultsScreen.swift */ = {isa = PBXFileReference; lastKnownFileType = sourcecode.swift; path = ExerciseResultsScreen.swift; sourceTree = "<group>"; };
		5923B5D42BB0601900171985 /* MEPMeasurement.swift */ = {isa = PBXFileReference; lastKnownFileType = sourcecode.swift; path = MEPMeasurement.swift; sourceTree = "<group>"; };
		5923B5D62BB0603600171985 /* MIPMeasurement.swift */ = {isa = PBXFileReference; lastKnownFileType = sourcecode.swift; path = MIPMeasurement.swift; sourceTree = "<group>"; };
		593207EA2BFA34660011096D /* Modify.swift */ = {isa = PBXFileReference; lastKnownFileType = sourcecode.swift; path = Modify.swift; sourceTree = "<group>"; };
		593207EC2BFA4DC90011096D /* ScrollingRespiratoryExerciseMeasurementScreen.swift */ = {isa = PBXFileReference; lastKnownFileType = sourcecode.swift; path = ScrollingRespiratoryExerciseMeasurementScreen.swift; sourceTree = "<group>"; };
		593207EF2BFA4EDE0011096D /* ScrollingPredictedRespiratoryChart.swift */ = {isa = PBXFileReference; lastKnownFileType = sourcecode.swift; path = ScrollingPredictedRespiratoryChart.swift; sourceTree = "<group>"; };
		593207F12BFC1DFF0011096D /* EnduranceAccuracy.swift */ = {isa = PBXFileReference; lastKnownFileType = sourcecode.swift; path = EnduranceAccuracy.swift; sourceTree = "<group>"; };
		593207F42BFC27890011096D /* EnduranceCurrentMeasurement.swift */ = {isa = PBXFileReference; lastKnownFileType = sourcecode.swift; path = EnduranceCurrentMeasurement.swift; sourceTree = "<group>"; };
		593207F62BFC283C0011096D /* EndurancePred.swift */ = {isa = PBXFileReference; lastKnownFileType = sourcecode.swift; path = EndurancePred.swift; sourceTree = "<group>"; };
		593D424C2B78F816008065B8 /* ExerciseSetupScreen.swift */ = {isa = PBXFileReference; lastKnownFileType = sourcecode.swift; path = ExerciseSetupScreen.swift; sourceTree = "<group>"; };
		593D424E2B791071008065B8 /* ChangeValueButton.swift */ = {isa = PBXFileReference; lastKnownFileType = sourcecode.swift; path = ChangeValueButton.swift; sourceTree = "<group>"; };
		593D42502B7916FF008065B8 /* ChangeValueView.swift */ = {isa = PBXFileReference; lastKnownFileType = sourcecode.swift; path = ChangeValueView.swift; sourceTree = "<group>"; };
		593D42542B7924BE008065B8 /* RespiratoryExerciseMeasurementScreen.swift */ = {isa = PBXFileReference; lastKnownFileType = sourcecode.swift; path = RespiratoryExerciseMeasurementScreen.swift; sourceTree = "<group>"; };
		593D425D2B7E70F6008065B8 /* ChangeNavBarColor.swift */ = {isa = PBXFileReference; lastKnownFileType = sourcecode.swift; path = ChangeNavBarColor.swift; sourceTree = "<group>"; };
		593D425F2B7E7E65008065B8 /* RootView.swift */ = {isa = PBXFileReference; lastKnownFileType = sourcecode.swift; path = RootView.swift; sourceTree = "<group>"; };
		593D42612B7E979C008065B8 /* PredictedRespiratoryChart.swift */ = {isa = PBXFileReference; lastKnownFileType = sourcecode.swift; path = PredictedRespiratoryChart.swift; sourceTree = "<group>"; };
		593D42632B7E9C09008065B8 /* RespiratoryMuscleMovementChart.swift */ = {isa = PBXFileReference; lastKnownFileType = sourcecode.swift; path = RespiratoryMuscleMovementChart.swift; sourceTree = "<group>"; };
		594334842B6F91BC00ADE124 /* GridCell.swift */ = {isa = PBXFileReference; lastKnownFileType = sourcecode.swift; path = GridCell.swift; sourceTree = "<group>"; };
		594334862B6F9C9100ADE124 /* RespiratoryResultsTable.swift */ = {isa = PBXFileReference; lastKnownFileType = sourcecode.swift; path = RespiratoryResultsTable.swift; sourceTree = "<group>"; };
		594334892B6FA25E00ADE124 /* LungCapacityResultsScreen.swift */ = {isa = PBXFileReference; lastKnownFileType = sourcecode.swift; path = LungCapacityResultsScreen.swift; sourceTree = "<group>"; };
		5943348D2B6FA32300ADE124 /* LungCapacityResultsChart.swift */ = {isa = PBXFileReference; lastKnownFileType = sourcecode.swift; path = LungCapacityResultsChart.swift; sourceTree = "<group>"; };
		5943348F2B6FA65700ADE124 /* LungCapacityResultsTable.swift */ = {isa = PBXFileReference; lastKnownFileType = sourcecode.swift; path = LungCapacityResultsTable.swift; sourceTree = "<group>"; };
		594334912B6FB63600ADE124 /* LungCapacityResultsListScreen.swift */ = {isa = PBXFileReference; lastKnownFileType = sourcecode.swift; path = LungCapacityResultsListScreen.swift; sourceTree = "<group>"; };
		594334932B6FC2B000ADE124 /* LungCapacityMeasurementScreen.swift */ = {isa = PBXFileReference; lastKnownFileType = sourcecode.swift; path = LungCapacityMeasurementScreen.swift; sourceTree = "<group>"; };
		594334952B6FC41000ADE124 /* LungCapacityMeasurementTable.swift */ = {isa = PBXFileReference; lastKnownFileType = sourcecode.swift; path = LungCapacityMeasurementTable.swift; sourceTree = "<group>"; };
		59458E522BEC4D3100665175 /* ExerciseResult.swift */ = {isa = PBXFileReference; lastKnownFileType = sourcecode.swift; path = ExerciseResult.swift; sourceTree = "<group>"; };
		59458E542BEC584C00665175 /* getExerciseResultDescription.swift */ = {isa = PBXFileReference; lastKnownFileType = sourcecode.swift; path = getExerciseResultDescription.swift; sourceTree = "<group>"; };
		59458E562BECBD9500665175 /* ExerciseSetting.swift */ = {isa = PBXFileReference; lastKnownFileType = sourcecode.swift; path = ExerciseSetting.swift; sourceTree = "<group>"; };
		5948E23B2BFD350400BAA78C /* EnduranceUIValues.swift */ = {isa = PBXFileReference; lastKnownFileType = sourcecode.swift; path = EnduranceUIValues.swift; sourceTree = "<group>"; };
		595788452BA6FF5300A5B8F5 /* InformationPopup.swift */ = {isa = PBXFileReference; lastKnownFileType = sourcecode.swift; path = InformationPopup.swift; sourceTree = "<group>"; };
		595788472BA7095900A5B8F5 /* DeleteUserButton.swift */ = {isa = PBXFileReference; lastKnownFileType = sourcecode.swift; path = DeleteUserButton.swift; sourceTree = "<group>"; };
		595788492BA70E2100A5B8F5 /* GridRowButton.swift */ = {isa = PBXFileReference; lastKnownFileType = sourcecode.swift; path = GridRowButton.swift; sourceTree = "<group>"; };
		597E3BE92BA4C8E000AD5450 /* Commands.swift */ = {isa = PBXFileReference; lastKnownFileType = sourcecode.swift; path = Commands.swift; sourceTree = "<group>"; };
		5998222C2BB04C6F00B5EE32 /* RespiratoryMeasurement.swift */ = {isa = PBXFileReference; lastKnownFileType = sourcecode.swift; path = RespiratoryMeasurement.swift; sourceTree = "<group>"; };
		5998222E2BB04CC900B5EE32 /* Measurement.swift */ = {isa = PBXFileReference; lastKnownFileType = sourcecode.swift; path = Measurement.swift; sourceTree = "<group>"; };
		599F41A32B951EDF00A20E44 /* Locales.swift */ = {isa = PBXFileReference; lastKnownFileType = sourcecode.swift; path = Locales.swift; sourceTree = "<group>"; };
		599F41A52B96127E00A20E44 /* Screens.swift */ = {isa = PBXFileReference; lastKnownFileType = sourcecode.swift; path = Screens.swift; sourceTree = "<group>"; };
		599F41A72B96130900A20E44 /* Tabs.swift */ = {isa = PBXFileReference; lastKnownFileType = sourcecode.swift; path = Tabs.swift; sourceTree = "<group>"; };
		599F41A92B96171700A20E44 /* NavigationStore.swift */ = {isa = PBXFileReference; lastKnownFileType = sourcecode.swift; path = NavigationStore.swift; sourceTree = "<group>"; };
		59A4BB1C2BD526EE006DD932 /* LungCapacityResultsChartPlaceHolder.swift */ = {isa = PBXFileReference; lastKnownFileType = sourcecode.swift; path = LungCapacityResultsChartPlaceHolder.swift; sourceTree = "<group>"; };
		59A4BB1E2BD5BB80006DD932 /* LungMeasurement.swift */ = {isa = PBXFileReference; lastKnownFileType = sourcecode.swift; path = LungMeasurement.swift; sourceTree = "<group>"; };
		59A4BB202BDA6A42006DD932 /* calculateFlowRate.swift */ = {isa = PBXFileReference; lastKnownFileType = sourcecode.swift; path = calculateFlowRate.swift; sourceTree = "<group>"; };
		59A4BB262BDBCA47006DD932 /* predFVC.swift */ = {isa = PBXFileReference; lastKnownFileType = sourcecode.swift; path = predFVC.swift; sourceTree = "<group>"; };
		59A4BB292BDBCC6E006DD932 /* predFEV1.swift */ = {isa = PBXFileReference; lastKnownFileType = sourcecode.swift; path = predFEV1.swift; sourceTree = "<group>"; };
		59A4BB2B2BDBCCAC006DD932 /* predFEF_25_to_75.swift */ = {isa = PBXFileReference; lastKnownFileType = sourcecode.swift; path = predFEF_25_to_75.swift; sourceTree = "<group>"; };
		59A4BB2D2BDBCCBD006DD932 /* predPEF.swift */ = {isa = PBXFileReference; lastKnownFileType = sourcecode.swift; path = predPEF.swift; sourceTree = "<group>"; };
		59A4BB2F2BDE6929006DD932 /* diagnoseResults.swift */ = {isa = PBXFileReference; lastKnownFileType = sourcecode.swift; path = diagnoseResults.swift; sourceTree = "<group>"; };
		59A863612B9DAC1500B9E13A /* User.swift */ = {isa = PBXFileReference; lastKnownFileType = sourcecode.swift; path = User.swift; sourceTree = "<group>"; };
		59A863652B9DBA8F00B9E13A /* calculateAge.swift */ = {isa = PBXFileReference; lastKnownFileType = sourcecode.swift; path = calculateAge.swift; sourceTree = "<group>"; };
		59A863672B9DE86C00B9E13A /* AlertPopup.swift */ = {isa = PBXFileReference; lastKnownFileType = sourcecode.swift; path = AlertPopup.swift; sourceTree = "<group>"; };
		59A863692B9E003700B9E13A /* CircleShape.swift */ = {isa = PBXFileReference; lastKnownFileType = sourcecode.swift; path = CircleShape.swift; sourceTree = "<group>"; };
		59A8636B2B9E005F00B9E13A /* TabBarButton.swift */ = {isa = PBXFileReference; lastKnownFileType = sourcecode.swift; path = TabBarButton.swift; sourceTree = "<group>"; };
		59ACA8062BE78FDE001B55DF /* SelectedProfileView.swift */ = {isa = PBXFileReference; lastKnownFileType = sourcecode.swift; path = SelectedProfileView.swift; sourceTree = "<group>"; };
		59ACA8082BE7D3B3001B55DF /* Ints.swift */ = {isa = PBXFileReference; lastKnownFileType = sourcecode.swift; path = Ints.swift; sourceTree = "<group>"; };
		59B7686F2B729C5F00D1BA57 /* ChooseExerciseScreen.swift */ = {isa = PBXFileReference; lastKnownFileType = sourcecode.swift; path = ChooseExerciseScreen.swift; sourceTree = "<group>"; };
		59B768712B72A00E00D1BA57 /* BreathingExerciseButton.swift */ = {isa = PBXFileReference; lastKnownFileType = sourcecode.swift; path = BreathingExerciseButton.swift; sourceTree = "<group>"; };
		59B768732B72A01E00D1BA57 /* BreathingExerciseSettingsButton.swift */ = {isa = PBXFileReference; lastKnownFileType = sourcecode.swift; path = BreathingExerciseSettingsButton.swift; sourceTree = "<group>"; };
		59B768752B72A56700D1BA57 /* ExercisesResultsListScreen.swift */ = {isa = PBXFileReference; lastKnownFileType = sourcecode.swift; path = ExercisesResultsListScreen.swift; sourceTree = "<group>"; };
		59B768772B72A95400D1BA57 /* EnduranceExerciseMeasurementScreen.swift */ = {isa = PBXFileReference; lastKnownFileType = sourcecode.swift; path = EnduranceExerciseMeasurementScreen.swift; sourceTree = "<group>"; };
		59BB70382B90DD2A0045DD23 /* Strings.swift */ = {isa = PBXFileReference; lastKnownFileType = sourcecode.swift; path = Strings.swift; sourceTree = "<group>"; };
		59BB703B2B90E0ED0045DD23 /* CBCentralManagerMock.swift */ = {isa = PBXFileReference; lastKnownFileType = sourcecode.swift; path = CBCentralManagerMock.swift; sourceTree = "<group>"; };
		59BB703D2B90E10B0045DD23 /* Mock.swift */ = {isa = PBXFileReference; lastKnownFileType = sourcecode.swift; path = Mock.swift; sourceTree = "<group>"; };
		59BB703F2B90E1200045DD23 /* CBPeripheralMock.swift */ = {isa = PBXFileReference; lastKnownFileType = sourcecode.swift; path = CBPeripheralMock.swift; sourceTree = "<group>"; };
		59BB70412B90E1540045DD23 /* ServiceCharacteristicsMock.swift */ = {isa = PBXFileReference; lastKnownFileType = sourcecode.swift; path = ServiceCharacteristicsMock.swift; sourceTree = "<group>"; };
		59C686B12B6816B300A827C1 /* IMT-PEP100.app */ = {isa = PBXFileReference; explicitFileType = wrapper.application; includeInIndex = 0; path = "IMT-PEP100.app"; sourceTree = BUILT_PRODUCTS_DIR; };
		59C686B42B6816B300A827C1 /* MEPApp.swift */ = {isa = PBXFileReference; lastKnownFileType = sourcecode.swift; path = MEPApp.swift; sourceTree = "<group>"; };
		59C686B62B6816B300A827C1 /* ContentView.swift */ = {isa = PBXFileReference; lastKnownFileType = sourcecode.swift; path = ContentView.swift; sourceTree = "<group>"; };
		59C686B82B6816B400A827C1 /* Assets.xcassets */ = {isa = PBXFileReference; lastKnownFileType = folder.assetcatalog; path = Assets.xcassets; sourceTree = "<group>"; };
		59C686BB2B6816B400A827C1 /* Preview Assets.xcassets */ = {isa = PBXFileReference; lastKnownFileType = folder.assetcatalog; path = "Preview Assets.xcassets"; sourceTree = "<group>"; };
		59C686BD2B6816B400A827C1 /* Persistence.swift */ = {isa = PBXFileReference; lastKnownFileType = sourcecode.swift; path = Persistence.swift; sourceTree = "<group>"; };
		59C686C92B68190000A827C1 /* HomeScreen.swift */ = {isa = PBXFileReference; lastKnownFileType = sourcecode.swift; path = HomeScreen.swift; sourceTree = "<group>"; };
		59D64AF92BACA98F002081F5 /* Collection.swift */ = {isa = PBXFileReference; lastKnownFileType = sourcecode.swift; path = Collection.swift; sourceTree = "<group>"; };
		59D7D67F2B6BEB8C0096E3C5 /* RespiratoryMeasurementResultsScreen.swift */ = {isa = PBXFileReference; lastKnownFileType = sourcecode.swift; path = RespiratoryMeasurementResultsScreen.swift; sourceTree = "<group>"; };
		59D7D6812B6BF2090096E3C5 /* RespiratoryResultsChart.swift */ = {isa = PBXFileReference; lastKnownFileType = sourcecode.swift; path = RespiratoryResultsChart.swift; sourceTree = "<group>"; };
		59D7D6852B6C1C020096E3C5 /* RespiratoryMeasurementResultsListScreen.swift */ = {isa = PBXFileReference; lastKnownFileType = sourcecode.swift; path = RespiratoryMeasurementResultsListScreen.swift; sourceTree = "<group>"; };
		59DA86042BFD403600A8C021 /* ScrollingRespiratoryMuscleMovementChart.swift */ = {isa = PBXFileReference; lastKnownFileType = sourcecode.swift; path = ScrollingRespiratoryMuscleMovementChart.swift; sourceTree = "<group>"; };
		59DA86092BFD452C00A8C021 /* RespiratoryAccuracy.swift */ = {isa = PBXFileReference; lastKnownFileType = sourcecode.swift; path = RespiratoryAccuracy.swift; sourceTree = "<group>"; };
		59DA860B2BFD45CF00A8C021 /* RespiratoryCurrentMeasurement.swift */ = {isa = PBXFileReference; lastKnownFileType = sourcecode.swift; path = RespiratoryCurrentMeasurement.swift; sourceTree = "<group>"; };
		59DA860D2BFD45E500A8C021 /* RespiratoryPred.swift */ = {isa = PBXFileReference; lastKnownFileType = sourcecode.swift; path = RespiratoryPred.swift; sourceTree = "<group>"; };
		59E43A372B8E648600752CD1 /* BluetoothDevicesListScreen.swift */ = {isa = PBXFileReference; lastKnownFileType = sourcecode.swift; path = BluetoothDevicesListScreen.swift; sourceTree = "<group>"; };
		59E43A392B8E6B4500752CD1 /* Info.plist */ = {isa = PBXFileReference; lastKnownFileType = text.plist; path = Info.plist; sourceTree = "<group>"; };
		59E43A3F2B8E731100752CD1 /* Peripheral.swift */ = {isa = PBXFileReference; lastKnownFileType = sourcecode.swift; path = Peripheral.swift; sourceTree = "<group>"; };
		59E43A412B8E732C00752CD1 /* Service.swift */ = {isa = PBXFileReference; lastKnownFileType = sourcecode.swift; path = Service.swift; sourceTree = "<group>"; };
		59E43A432B8E734500752CD1 /* Characteristic.swift */ = {isa = PBXFileReference; lastKnownFileType = sourcecode.swift; path = Characteristic.swift; sourceTree = "<group>"; };
		59E43A462B8E75D200752CD1 /* CBPeripheralProtcolDelegate.swift */ = {isa = PBXFileReference; lastKnownFileType = sourcecode.swift; path = CBPeripheralProtcolDelegate.swift; sourceTree = "<group>"; };
		59E43A482B8E762300752CD1 /* CoreBluetoothViewModel.swift */ = {isa = PBXFileReference; lastKnownFileType = sourcecode.swift; path = CoreBluetoothViewModel.swift; sourceTree = "<group>"; };
		59E43A4B2B8E76B000752CD1 /* CoreBluetoothViewModelExtension.swift */ = {isa = PBXFileReference; lastKnownFileType = sourcecode.swift; path = CoreBluetoothViewModelExtension.swift; sourceTree = "<group>"; };
		59F7F2DE2B695A06000556DD /* Localizable.xcstrings */ = {isa = PBXFileReference; lastKnownFileType = text.json.xcstrings; path = Localizable.xcstrings; sourceTree = "<group>"; };
		59F7F2E02B697985000556DD /* UserRegistrationScreen.swift */ = {isa = PBXFileReference; lastKnownFileType = sourcecode.swift; path = UserRegistrationScreen.swift; sourceTree = "<group>"; };
		59F7F2E32B6979B7000556DD /* AvatarView.swift */ = {isa = PBXFileReference; lastKnownFileType = sourcecode.swift; path = AvatarView.swift; sourceTree = "<group>"; };
		59F7F2E52B697C0B000556DD /* FormTextfield.swift */ = {isa = PBXFileReference; lastKnownFileType = sourcecode.swift; path = FormTextfield.swift; sourceTree = "<group>"; };
		59F7F2E92B698035000556DD /* PrimaryButton.swift */ = {isa = PBXFileReference; lastKnownFileType = sourcecode.swift; path = PrimaryButton.swift; sourceTree = "<group>"; };
		59F7F2F12B6A9CF4000556DD /* FullScreenPopUp.swift */ = {isa = PBXFileReference; lastKnownFileType = sourcecode.swift; path = FullScreenPopUp.swift; sourceTree = "<group>"; };
		59F7F2F32B6AABE2000556DD /* SelectUserScreen.swift */ = {isa = PBXFileReference; lastKnownFileType = sourcecode.swift; path = SelectUserScreen.swift; sourceTree = "<group>"; };
		59F7F2F52B6AAD0A000556DD /* SelectUserButton.swift */ = {isa = PBXFileReference; lastKnownFileType = sourcecode.swift; path = SelectUserButton.swift; sourceTree = "<group>"; };
		59F7F2F72B6AB98B000556DD /* UserTile.swift */ = {isa = PBXFileReference; lastKnownFileType = sourcecode.swift; path = UserTile.swift; sourceTree = "<group>"; };
		59F7F2FA2B6ABA8D000556DD /* UserDeletionConfirmationPopup.swift */ = {isa = PBXFileReference; lastKnownFileType = sourcecode.swift; path = UserDeletionConfirmationPopup.swift; sourceTree = "<group>"; };
		59F7F2FC2B6ABDDE000556DD /* FormLabel.swift */ = {isa = PBXFileReference; lastKnownFileType = sourcecode.swift; path = FormLabel.swift; sourceTree = "<group>"; };
		59F7F2FF2B6AC292000556DD /* RespiratoryMeasurementScreen.swift */ = {isa = PBXFileReference; lastKnownFileType = sourcecode.swift; path = RespiratoryMeasurementScreen.swift; sourceTree = "<group>"; };
		59F7F3022B6AC3E4000556DD /* NavBar.swift */ = {isa = PBXFileReference; lastKnownFileType = sourcecode.swift; path = NavBar.swift; sourceTree = "<group>"; };
		59F7F3042B6AD694000556DD /* RadioButton.swift */ = {isa = PBXFileReference; lastKnownFileType = sourcecode.swift; path = RadioButton.swift; sourceTree = "<group>"; };
		9CDABAB92D0AEAD5003F53D8 /* MEP.xcdatamodel */ = {isa = PBXFileReference; lastKnownFileType = wrapper.xcdatamodel; path = MEP.xcdatamodel; sourceTree = "<group>"; };
		9CDABABD2D0AEB18003F53D8 /* UInt8.swift */ = {isa = PBXFileReference; lastKnownFileType = sourcecode.swift; path = UInt8.swift; sourceTree = "<group>"; };
/* End PBXFileReference section */

/* Begin PBXFrameworksBuildPhase section */
		59C686AE2B6816B300A827C1 /* Frameworks */ = {
			isa = PBXFrameworksBuildPhase;
			buildActionMask = 2147483647;
			files = (
				59C686D02B683F8000A827C1 /* SwiftUIIntrospect in Frameworks */,
			);
			runOnlyForDeploymentPostprocessing = 0;
		};
/* End PBXFrameworksBuildPhase section */

/* Begin PBXGroup section */
		593207EE2BFA4E120011096D /* Scrolling */ = {
			isa = PBXGroup;
			children = (
				59DA86082BFD451400A8C021 /* Extensions */,
				593207EC2BFA4DC90011096D /* ScrollingRespiratoryExerciseMeasurementScreen.swift */,
				593207EF2BFA4EDE0011096D /* ScrollingPredictedRespiratoryChart.swift */,
				59DA86042BFD403600A8C021 /* ScrollingRespiratoryMuscleMovementChart.swift */,
			);
			path = Scrolling;
			sourceTree = "<group>";
		};
		593207F32BFC21DA0011096D /* Extensions */ = {
			isa = PBXGroup;
			children = (
				593207F12BFC1DFF0011096D /* EnduranceAccuracy.swift */,
				593207F42BFC27890011096D /* EnduranceCurrentMeasurement.swift */,
				593207F62BFC283C0011096D /* EndurancePred.swift */,
				5948E23B2BFD350400BAA78C /* EnduranceUIValues.swift */,
			);
			path = Extensions;
			sourceTree = "<group>";
		};
		594334882B6FA21000ADE124 /* Lung Capacity Measurement */ = {
			isa = PBXGroup;
			children = (
				5943348C2B6FA30E00ADE124 /* Views */,
				5943348B2B6FA30900ADE124 /* Screens */,
			);
			path = "Lung Capacity Measurement";
			sourceTree = "<group>";
		};
		5943348B2B6FA30900ADE124 /* Screens */ = {
			isa = PBXGroup;
			children = (
				594334892B6FA25E00ADE124 /* LungCapacityResultsScreen.swift */,
				594334912B6FB63600ADE124 /* LungCapacityResultsListScreen.swift */,
				594334932B6FC2B000ADE124 /* LungCapacityMeasurementScreen.swift */,
			);
			path = Screens;
			sourceTree = "<group>";
		};
		5943348C2B6FA30E00ADE124 /* Views */ = {
			isa = PBXGroup;
			children = (
				5943348D2B6FA32300ADE124 /* LungCapacityResultsChart.swift */,
				5943348F2B6FA65700ADE124 /* LungCapacityResultsTable.swift */,
				594334952B6FC41000ADE124 /* LungCapacityMeasurementTable.swift */,
				59A4BB1C2BD526EE006DD932 /* LungCapacityResultsChartPlaceHolder.swift */,
			);
			path = Views;
			sourceTree = "<group>";
		};
		595788432BA6FDF600A5B8F5 /* Popups */ = {
			isa = PBXGroup;
			children = (
				59A863672B9DE86C00B9E13A /* AlertPopup.swift */,
				59F7F2FA2B6ABA8D000556DD /* UserDeletionConfirmationPopup.swift */,
				59F7F2F12B6A9CF4000556DD /* FullScreenPopUp.swift */,
				595788452BA6FF5300A5B8F5 /* InformationPopup.swift */,
			);
			path = Popups;
			sourceTree = "<group>";
		};
		595788442BA6FE0400A5B8F5 /* Buttons */ = {
			isa = PBXGroup;
			children = (
				59F7F2E92B698035000556DD /* PrimaryButton.swift */,
				59F7F3042B6AD694000556DD /* RadioButton.swift */,
				59A8636B2B9E005F00B9E13A /* TabBarButton.swift */,
				595788472BA7095900A5B8F5 /* DeleteUserButton.swift */,
				595788492BA70E2100A5B8F5 /* GridRowButton.swift */,
			);
			path = Buttons;
			sourceTree = "<group>";
		};
		599F41A22B951ECF00A20E44 /* Enums */ = {
			isa = PBXGroup;
			children = (
				599F41A32B951EDF00A20E44 /* Locales.swift */,
				599F41A52B96127E00A20E44 /* Screens.swift */,
				599F41A72B96130900A20E44 /* Tabs.swift */,
				597E3BE92BA4C8E000AD5450 /* Commands.swift */,
			);
			path = Enums;
			sourceTree = "<group>";
		};
		59A4BB252BDBCA33006DD932 /* LungCapacity */ = {
			isa = PBXGroup;
			children = (
				59A4BB262BDBCA47006DD932 /* predFVC.swift */,
				59A4BB292BDBCC6E006DD932 /* predFEV1.swift */,
				59A4BB2B2BDBCCAC006DD932 /* predFEF_25_to_75.swift */,
				59A4BB2D2BDBCCBD006DD932 /* predPEF.swift */,
				59A4BB2F2BDE6929006DD932 /* diagnoseResults.swift */,
			);
			path = LungCapacity;
			sourceTree = "<group>";
		};
		59A863632B9DAD8600B9E13A /* CoreData */ = {
			isa = PBXGroup;
			children = (
				59A863612B9DAC1500B9E13A /* User.swift */,
				5998222C2BB04C6F00B5EE32 /* RespiratoryMeasurement.swift */,
				5998222E2BB04CC900B5EE32 /* Measurement.swift */,
				5923B5D42BB0601900171985 /* MEPMeasurement.swift */,
				5923B5D62BB0603600171985 /* MIPMeasurement.swift */,
				59A4BB1E2BD5BB80006DD932 /* LungMeasurement.swift */,
				59458E522BEC4D3100665175 /* ExerciseResult.swift */,
				59458E562BECBD9500665175 /* ExerciseSetting.swift */,
			);
			path = CoreData;
			sourceTree = "<group>";
		};
		59A863642B9DBA8300B9E13A /* Utils */ = {
			isa = PBXGroup;
			children = (
				59A4BB252BDBCA33006DD932 /* LungCapacity */,
				59A863652B9DBA8F00B9E13A /* calculateAge.swift */,
				59A4BB202BDA6A42006DD932 /* calculateFlowRate.swift */,
				59458E542BEC584C00665175 /* getExerciseResultDescription.swift */,
			);
			path = Utils;
			sourceTree = "<group>";
		};
		59ACA80A2BE7EC8B001B55DF /* Respiratory Muscle */ = {
			isa = PBXGroup;
			children = (
				593207EE2BFA4E120011096D /* Scrolling */,
				593D42542B7924BE008065B8 /* RespiratoryExerciseMeasurementScreen.swift */,
			);
			path = "Respiratory Muscle";
			sourceTree = "<group>";
		};
		59ACA80B2BE7ECA2001B55DF /* Endurance */ = {
			isa = PBXGroup;
			children = (
				593207F32BFC21DA0011096D /* Extensions */,
				59B768772B72A95400D1BA57 /* EnduranceExerciseMeasurementScreen.swift */,
			);
			path = Endurance;
			sourceTree = "<group>";
		};
		59ACA80C2BE7ED9C001B55DF /* Common */ = {
			isa = PBXGroup;
			children = (
				593D424C2B78F816008065B8 /* ExerciseSetupScreen.swift */,
				590B13642B740E92005A7659 /* ExerciseResultsScreen.swift */,
				59B7686F2B729C5F00D1BA57 /* ChooseExerciseScreen.swift */,
				59B768752B72A56700D1BA57 /* ExercisesResultsListScreen.swift */,
			);
			path = Common;
			sourceTree = "<group>";
		};
		59ACA80D2BE7F1EB001B55DF /* Charts */ = {
			isa = PBXGroup;
			children = (
				593D42632B7E9C09008065B8 /* RespiratoryMuscleMovementChart.swift */,
				593D42612B7E979C008065B8 /* PredictedRespiratoryChart.swift */,
			);
			path = Charts;
			sourceTree = "<group>";
		};
		59ACA80E2BE7F1F0001B55DF /* Buttons */ = {
			isa = PBXGroup;
			children = (
				59B768732B72A01E00D1BA57 /* BreathingExerciseSettingsButton.swift */,
				59B768712B72A00E00D1BA57 /* BreathingExerciseButton.swift */,
				593D424E2B791071008065B8 /* ChangeValueButton.swift */,
			);
			path = Buttons;
			sourceTree = "<group>";
		};
		59B7686B2B729C3000D1BA57 /* Breathing Excercise */ = {
			isa = PBXGroup;
			children = (
				59B7686D2B729C4000D1BA57 /* Views */,
				59B7686C2B729C3A00D1BA57 /* Screens */,
			);
			path = "Breathing Excercise";
			sourceTree = "<group>";
		};
		59B7686C2B729C3A00D1BA57 /* Screens */ = {
			isa = PBXGroup;
			children = (
				59ACA80C2BE7ED9C001B55DF /* Common */,
				59ACA80B2BE7ECA2001B55DF /* Endurance */,
				59ACA80A2BE7EC8B001B55DF /* Respiratory Muscle */,
			);
			path = Screens;
			sourceTree = "<group>";
		};
		59B7686D2B729C4000D1BA57 /* Views */ = {
			isa = PBXGroup;
			children = (
				59ACA80E2BE7F1F0001B55DF /* Buttons */,
				59ACA80D2BE7F1EB001B55DF /* Charts */,
				590B13622B740271005A7659 /* CircularProgressView.swift */,
				593D42502B7916FF008065B8 /* ChangeValueView.swift */,
			);
			path = Views;
			sourceTree = "<group>";
		};
		59BB70372B90DD1A0045DD23 /* Constants */ = {
			isa = PBXGroup;
			children = (
				599F41A22B951ECF00A20E44 /* Enums */,
				59BB70382B90DD2A0045DD23 /* Strings.swift */,
				9CDABABD2D0AEB18003F53D8 /* UInt8.swift */,
				59ACA8082BE7D3B3001B55DF /* Ints.swift */,
			);
			path = Constants;
			sourceTree = "<group>";
		};
		59BB703A2B90E0E30045DD23 /* Mock */ = {
			isa = PBXGroup;
			children = (
				59BB703B2B90E0ED0045DD23 /* CBCentralManagerMock.swift */,
				59BB703D2B90E10B0045DD23 /* Mock.swift */,
				59BB703F2B90E1200045DD23 /* CBPeripheralMock.swift */,
				59BB70412B90E1540045DD23 /* ServiceCharacteristicsMock.swift */,
			);
			path = Mock;
			sourceTree = "<group>";
		};
		59C686A82B6816B300A827C1 = {
			isa = PBXGroup;
			children = (
				59F7F2DE2B695A06000556DD /* Localizable.xcstrings */,
				59C686B32B6816B300A827C1 /* IMT-PEP100 */,
				59C686B22B6816B300A827C1 /* Products */,
			);
			sourceTree = "<group>";
		};
		59C686B22B6816B300A827C1 /* Products */ = {
			isa = PBXGroup;
			children = (
				59C686B12B6816B300A827C1 /* IMT-PEP100.app */,
			);
			name = Products;
			sourceTree = "<group>";
		};
		59C686B32B6816B300A827C1 /* IMT-PEP100 */ = {
			isa = PBXGroup;
			children = (
				59A863642B9DBA8300B9E13A /* Utils */,
				59BB70372B90DD1A0045DD23 /* Constants */,
				59E43A392B8E6B4500752CD1 /* Info.plist */,
				59F7F3012B6AC3D6000556DD /* Extensions */,
				59C686C72B6818EA00A827C1 /* Modules */,
				59C686B42B6816B300A827C1 /* MEPApp.swift */,
				59C686C92B68190000A827C1 /* HomeScreen.swift */,
				59C686B62B6816B300A827C1 /* ContentView.swift */,
				599F41A92B96171700A20E44 /* NavigationStore.swift */,
				59C686B82B6816B400A827C1 /* Assets.xcassets */,
				9CDABAB82D0AEAD5003F53D8 /* MEP.xcdatamodeld */,
				59C686BD2B6816B400A827C1 /* Persistence.swift */,
				59C686BA2B6816B400A827C1 /* Preview Content */,
			);
			path = "IMT-PEP100";
			sourceTree = "<group>";
		};
		59C686BA2B6816B400A827C1 /* Preview Content */ = {
			isa = PBXGroup;
			children = (
				59C686BB2B6816B400A827C1 /* Preview Assets.xcassets */,
			);
			path = "Preview Content";
			sourceTree = "<group>";
		};
		59C686C72B6818EA00A827C1 /* Modules */ = {
			isa = PBXGroup;
			children = (
				59E43A3A2B8E71ED00752CD1 /* CoreBluetooth */,
				59B7686B2B729C3000D1BA57 /* Breathing Excercise */,
				594334882B6FA21000ADE124 /* Lung Capacity Measurement */,
				59F7F2FE2B6AC278000556DD /* Respiratory Measurement */,
				59F7F2E72B698026000556DD /* Common */,
				59C686C82B6818F100A827C1 /* Registration */,
			);
			path = Modules;
			sourceTree = "<group>";
		};
		59C686C82B6818F100A827C1 /* Registration */ = {
			isa = PBXGroup;
			children = (
				59F7F2ED2B6A823D000556DD /* Screens */,
				59F7F2E22B697992000556DD /* Views */,
			);
			path = Registration;
			sourceTree = "<group>";
		};
		59D7D6832B6BF2130096E3C5 /* Screens */ = {
			isa = PBXGroup;
			children = (
				59D7D67F2B6BEB8C0096E3C5 /* RespiratoryMeasurementResultsScreen.swift */,
				59F7F2FF2B6AC292000556DD /* RespiratoryMeasurementScreen.swift */,
				59D7D6852B6C1C020096E3C5 /* RespiratoryMeasurementResultsListScreen.swift */,
			);
			path = Screens;
			sourceTree = "<group>";
		};
		59D7D6842B6BF21A0096E3C5 /* Views */ = {
			isa = PBXGroup;
			children = (
				59D7D6812B6BF2090096E3C5 /* RespiratoryResultsChart.swift */,
				594334862B6F9C9100ADE124 /* RespiratoryResultsTable.swift */,
				59091DC62BCF39CC0025F6EF /* RespiratoryResultsChartPlaceHolder.swift */,
			);
			path = Views;
			sourceTree = "<group>";
		};
		59DA86082BFD451400A8C021 /* Extensions */ = {
			isa = PBXGroup;
			children = (
				59DA86092BFD452C00A8C021 /* RespiratoryAccuracy.swift */,
				59DA860B2BFD45CF00A8C021 /* RespiratoryCurrentMeasurement.swift */,
				59DA860D2BFD45E500A8C021 /* RespiratoryPred.swift */,
			);
			path = Extensions;
			sourceTree = "<group>";
		};
		59E43A3A2B8E71ED00752CD1 /* CoreBluetooth */ = {
			isa = PBXGroup;
			children = (
				59BB703A2B90E0E30045DD23 /* Mock */,
				59E43A452B8E73A800752CD1 /* Delegates */,
				59E43A3E2B8E720F00752CD1 /* Models */,
				59E43A3D2B8E720600752CD1 /* ViewModels */,
				59E43A3C2B8E71FD00752CD1 /* Screens */,
				59E43A3B2B8E71F900752CD1 /* Views */,
			);
			path = CoreBluetooth;
			sourceTree = "<group>";
		};
		59E43A3B2B8E71F900752CD1 /* Views */ = {
			isa = PBXGroup;
			children = (
			);
			path = Views;
			sourceTree = "<group>";
		};
		59E43A3C2B8E71FD00752CD1 /* Screens */ = {
			isa = PBXGroup;
			children = (
				59E43A372B8E648600752CD1 /* BluetoothDevicesListScreen.swift */,
			);
			path = Screens;
			sourceTree = "<group>";
		};
		59E43A3D2B8E720600752CD1 /* ViewModels */ = {
			isa = PBXGroup;
			children = (
				59E43A4A2B8E766000752CD1 /* Extensions */,
				59E43A482B8E762300752CD1 /* CoreBluetoothViewModel.swift */,
			);
			path = ViewModels;
			sourceTree = "<group>";
		};
		59E43A3E2B8E720F00752CD1 /* Models */ = {
			isa = PBXGroup;
			children = (
				59E43A3F2B8E731100752CD1 /* Peripheral.swift */,
				59E43A412B8E732C00752CD1 /* Service.swift */,
				59E43A432B8E734500752CD1 /* Characteristic.swift */,
			);
			path = Models;
			sourceTree = "<group>";
		};
		59E43A452B8E73A800752CD1 /* Delegates */ = {
			isa = PBXGroup;
			children = (
				59E43A462B8E75D200752CD1 /* CBPeripheralProtcolDelegate.swift */,
			);
			path = Delegates;
			sourceTree = "<group>";
		};
		59E43A4A2B8E766000752CD1 /* Extensions */ = {
			isa = PBXGroup;
			children = (
				59E43A4B2B8E76B000752CD1 /* CoreBluetoothViewModelExtension.swift */,
			);
			path = Extensions;
			sourceTree = "<group>";
		};
		59F7F2E22B697992000556DD /* Views */ = {
			isa = PBXGroup;
			children = (
				59F7F2E32B6979B7000556DD /* AvatarView.swift */,
				59F7F2E52B697C0B000556DD /* FormTextfield.swift */,
				59F7F2F52B6AAD0A000556DD /* SelectUserButton.swift */,
				59F7F2F72B6AB98B000556DD /* UserTile.swift */,
				59F7F2FC2B6ABDDE000556DD /* FormLabel.swift */,
			);
			path = Views;
			sourceTree = "<group>";
		};
		59F7F2E72B698026000556DD /* Common */ = {
			isa = PBXGroup;
			children = (
				59F7F2E82B69802A000556DD /* Views */,
				59ACA8062BE78FDE001B55DF /* SelectedProfileView.swift */,
			);
			path = Common;
			sourceTree = "<group>";
		};
		59F7F2E82B69802A000556DD /* Views */ = {
			isa = PBXGroup;
			children = (
				595788442BA6FE0400A5B8F5 /* Buttons */,
				595788432BA6FDF600A5B8F5 /* Popups */,
				593D425F2B7E7E65008065B8 /* RootView.swift */,
				59A863692B9E003700B9E13A /* CircleShape.swift */,
			);
			path = Views;
			sourceTree = "<group>";
		};
		59F7F2ED2B6A823D000556DD /* Screens */ = {
			isa = PBXGroup;
			children = (
				59F7F2E02B697985000556DD /* UserRegistrationScreen.swift */,
				59F7F2F32B6AABE2000556DD /* SelectUserScreen.swift */,
			);
			path = Screens;
			sourceTree = "<group>";
		};
		59F7F2FE2B6AC278000556DD /* Respiratory Measurement */ = {
			isa = PBXGroup;
			children = (
				59D7D6842B6BF21A0096E3C5 /* Views */,
				59D7D6832B6BF2130096E3C5 /* Screens */,
			);
			path = "Respiratory Measurement";
			sourceTree = "<group>";
		};
		59F7F3012B6AC3D6000556DD /* Extensions */ = {
			isa = PBXGroup;
			children = (
				59A863632B9DAD8600B9E13A /* CoreData */,
				59F7F3022B6AC3E4000556DD /* NavBar.swift */,
				594334842B6F91BC00ADE124 /* GridCell.swift */,
				593D425D2B7E70F6008065B8 /* ChangeNavBarColor.swift */,
				59D64AF92BACA98F002081F5 /* Collection.swift */,
				59091DC42BCF1D2B0025F6EF /* FindViews.swift */,
				593207EA2BFA34660011096D /* Modify.swift */,
			);
			path = Extensions;
			sourceTree = "<group>";
		};
/* End PBXGroup section */

/* Begin PBXNativeTarget section */
		59C686B02B6816B300A827C1 /* IMT-PEP100 */ = {
			isa = PBXNativeTarget;
			buildConfigurationList = 59C686C42B6816B400A827C1 /* Build configuration list for PBXNativeTarget "IMT-PEP100" */;
			buildPhases = (
				59C686AD2B6816B300A827C1 /* Sources */,
				59C686AE2B6816B300A827C1 /* Frameworks */,
				59C686AF2B6816B300A827C1 /* Resources */,
			);
			buildRules = (
			);
			dependencies = (
			);
			name = "IMT-PEP100";
			packageProductDependencies = (
				59C686CF2B683F8000A827C1 /* SwiftUIIntrospect */,
			);
			productName = MEP;
			productReference = 59C686B12B6816B300A827C1 /* IMT-PEP100.app */;
			productType = "com.apple.product-type.application";
		};
/* End PBXNativeTarget section */

/* Begin PBXProject section */
		59C686A92B6816B300A827C1 /* Project object */ = {
			isa = PBXProject;
			attributes = {
				BuildIndependentTargetsInParallel = 1;
				LastSwiftUpdateCheck = 1520;
				LastUpgradeCheck = 1520;
				TargetAttributes = {
					59C686B02B6816B300A827C1 = {
						CreatedOnToolsVersion = 15.2;
					};
				};
			};
			buildConfigurationList = 59C686AC2B6816B300A827C1 /* Build configuration list for PBXProject "IMT-PEP100" */;
			compatibilityVersion = "Xcode 14.0";
			developmentRegion = en;
			hasScannedForEncodings = 0;
			knownRegions = (
				en,
				Base,
				ko,
			);
			mainGroup = 59C686A82B6816B300A827C1;
			packageReferences = (
				59C686CE2B683F8000A827C1 /* XCRemoteSwiftPackageReference "SwiftUI-Introspect" */,
			);
			productRefGroup = 59C686B22B6816B300A827C1 /* Products */;
			projectDirPath = "";
			projectRoot = "";
			targets = (
				59C686B02B6816B300A827C1 /* IMT-PEP100 */,
			);
		};
/* End PBXProject section */

/* Begin PBXResourcesBuildPhase section */
		59C686AF2B6816B300A827C1 /* Resources */ = {
			isa = PBXResourcesBuildPhase;
			buildActionMask = 2147483647;
			files = (
				59C686BC2B6816B400A827C1 /* Preview Assets.xcassets in Resources */,
				59C686B92B6816B400A827C1 /* Assets.xcassets in Resources */,
				59F7F2DF2B695A06000556DD /* Localizable.xcstrings in Resources */,
			);
			runOnlyForDeploymentPostprocessing = 0;
		};
/* End PBXResourcesBuildPhase section */

/* Begin PBXSourcesBuildPhase section */
		59C686AD2B6816B300A827C1 /* Sources */ = {
			isa = PBXSourcesBuildPhase;
			buildActionMask = 2147483647;
			files = (
				593207F02BFA4EDE0011096D /* ScrollingPredictedRespiratoryChart.swift in Sources */,
				59091DC52BCF1D2B0025F6EF /* FindViews.swift in Sources */,
				593D424D2B78F816008065B8 /* ExerciseSetupScreen.swift in Sources */,
				599F41A42B951EDF00A20E44 /* Locales.swift in Sources */,
				590B13652B740E92005A7659 /* ExerciseResultsScreen.swift in Sources */,
				597E3BEA2BA4C8E000AD5450 /* Commands.swift in Sources */,
				594334922B6FB63600ADE124 /* LungCapacityResultsListScreen.swift in Sources */,
				593207EB2BFA34660011096D /* Modify.swift in Sources */,
				59A863622B9DAC1500B9E13A /* User.swift in Sources */,
				59F7F2EA2B698035000556DD /* PrimaryButton.swift in Sources */,
				59DA860A2BFD452C00A8C021 /* RespiratoryAccuracy.swift in Sources */,
				59BB70402B90E1200045DD23 /* CBPeripheralMock.swift in Sources */,
				59458E552BEC584C00665175 /* getExerciseResultDescription.swift in Sources */,
				59E43A402B8E731100752CD1 /* Peripheral.swift in Sources */,
				593207F52BFC27890011096D /* EnduranceCurrentMeasurement.swift in Sources */,
				59E43A472B8E75D200752CD1 /* CBPeripheralProtcolDelegate.swift in Sources */,
				5957884A2BA70E2100A5B8F5 /* GridRowButton.swift in Sources */,
				594334852B6F91BC00ADE124 /* GridCell.swift in Sources */,
				59A4BB1D2BD526EE006DD932 /* LungCapacityResultsChartPlaceHolder.swift in Sources */,
				590B13632B740271005A7659 /* CircularProgressView.swift in Sources */,
				59A4BB2A2BDBCC6E006DD932 /* predFEV1.swift in Sources */,
				59C686BE2B6816B400A827C1 /* Persistence.swift in Sources */,
				59F7F2E12B697985000556DD /* UserRegistrationScreen.swift in Sources */,
				59F7F3002B6AC292000556DD /* RespiratoryMeasurementScreen.swift in Sources */,
				59A863662B9DBA8F00B9E13A /* calculateAge.swift in Sources */,
				59BB703E2B90E10B0045DD23 /* Mock.swift in Sources */,
				59A4BB2E2BDBCCBD006DD932 /* predPEF.swift in Sources */,
				593D42642B7E9C09008065B8 /* RespiratoryMuscleMovementChart.swift in Sources */,
				5948E23C2BFD350400BAA78C /* EnduranceUIValues.swift in Sources */,
				599F41AA2B96171700A20E44 /* NavigationStore.swift in Sources */,
				59A4BB2C2BDBCCAC006DD932 /* predFEF_25_to_75.swift in Sources */,
				59DA860E2BFD45E500A8C021 /* RespiratoryPred.swift in Sources */,
				593207F72BFC283C0011096D /* EndurancePred.swift in Sources */,
				595788462BA6FF5300A5B8F5 /* InformationPopup.swift in Sources */,
				59A863682B9DE86C00B9E13A /* AlertPopup.swift in Sources */,
				59DA860C2BFD45CF00A8C021 /* RespiratoryCurrentMeasurement.swift in Sources */,
				59A4BB302BDE6929006DD932 /* diagnoseResults.swift in Sources */,
				593D42512B7916FF008065B8 /* ChangeValueView.swift in Sources */,
				59E43A442B8E734500752CD1 /* Characteristic.swift in Sources */,
				59DA86052BFD403600A8C021 /* ScrollingRespiratoryMuscleMovementChart.swift in Sources */,
				59F7F2FB2B6ABA8D000556DD /* UserDeletionConfirmationPopup.swift in Sources */,
				59D7D6862B6C1C020096E3C5 /* RespiratoryMeasurementResultsListScreen.swift in Sources */,
				593D424F2B791071008065B8 /* ChangeValueButton.swift in Sources */,
				59F7F3032B6AC3E4000556DD /* NavBar.swift in Sources */,
				599F41A62B96127E00A20E44 /* Screens.swift in Sources */,
				59F7F2F42B6AABE2000556DD /* SelectUserScreen.swift in Sources */,
				599F41A82B96130900A20E44 /* Tabs.swift in Sources */,
				5923B5D52BB0601900171985 /* MEPMeasurement.swift in Sources */,
				593D425E2B7E70F6008065B8 /* ChangeNavBarColor.swift in Sources */,
				59F7F2F62B6AAD0A000556DD /* SelectUserButton.swift in Sources */,
				594334872B6F9C9100ADE124 /* RespiratoryResultsTable.swift in Sources */,
				59F7F2F82B6AB98B000556DD /* UserTile.swift in Sources */,
				59ACA8092BE7D3B3001B55DF /* Ints.swift in Sources */,
				59F7F3052B6AD694000556DD /* RadioButton.swift in Sources */,
				59E43A382B8E648600752CD1 /* BluetoothDevicesListScreen.swift in Sources */,
				5923B5D72BB0603600171985 /* MIPMeasurement.swift in Sources */,
				59A8636A2B9E003700B9E13A /* CircleShape.swift in Sources */,
				59A8636C2B9E005F00B9E13A /* TabBarButton.swift in Sources */,
				59A4BB1F2BD5BB80006DD932 /* LungMeasurement.swift in Sources */,
				593D42602B7E7E65008065B8 /* RootView.swift in Sources */,
				59F7F2E42B6979B7000556DD /* AvatarView.swift in Sources */,
				59F7F2E62B697C0B000556DD /* FormTextfield.swift in Sources */,
				59BB703C2B90E0ED0045DD23 /* CBCentralManagerMock.swift in Sources */,
				593207ED2BFA4DC90011096D /* ScrollingRespiratoryExerciseMeasurementScreen.swift in Sources */,
				9CDABABA2D0AEAD5003F53D8 /* MEP.xcdatamodeld in Sources */,
				59D7D6822B6BF2090096E3C5 /* RespiratoryResultsChart.swift in Sources */,
				593D42622B7E979C008065B8 /* PredictedRespiratoryChart.swift in Sources */,
				59B768722B72A00E00D1BA57 /* BreathingExerciseButton.swift in Sources */,
				5998222D2BB04C6F00B5EE32 /* RespiratoryMeasurement.swift in Sources */,
				5943348A2B6FA25E00ADE124 /* LungCapacityResultsScreen.swift in Sources */,
				594334902B6FA65700ADE124 /* LungCapacityResultsTable.swift in Sources */,
				594334942B6FC2B100ADE124 /* LungCapacityMeasurementScreen.swift in Sources */,
				59B768762B72A56700D1BA57 /* ExercisesResultsListScreen.swift in Sources */,
				59A4BB212BDA6A42006DD932 /* calculateFlowRate.swift in Sources */,
				59F7F2F22B6A9CF4000556DD /* FullScreenPopUp.swift in Sources */,
				59ACA8072BE78FDE001B55DF /* SelectedProfileView.swift in Sources */,
				59C686B72B6816B300A827C1 /* ContentView.swift in Sources */,
				59458E532BEC4D3100665175 /* ExerciseResult.swift in Sources */,
				59458E572BECBD9500665175 /* ExerciseSetting.swift in Sources */,
				59B768702B729C5F00D1BA57 /* ChooseExerciseScreen.swift in Sources */,
				5943348E2B6FA32300ADE124 /* LungCapacityResultsChart.swift in Sources */,
				593D42552B7924BE008065B8 /* RespiratoryExerciseMeasurementScreen.swift in Sources */,
				59BB70392B90DD2A0045DD23 /* Strings.swift in Sources */,
				59BB70422B90E1540045DD23 /* ServiceCharacteristicsMock.swift in Sources */,
				59E43A492B8E762300752CD1 /* CoreBluetoothViewModel.swift in Sources */,
				59B768742B72A01E00D1BA57 /* BreathingExerciseSettingsButton.swift in Sources */,
				59C686CA2B68190000A827C1 /* HomeScreen.swift in Sources */,
				59E43A422B8E732C00752CD1 /* Service.swift in Sources */,
				59D64AFA2BACA98F002081F5 /* Collection.swift in Sources */,
				59F7F2FD2B6ABDDE000556DD /* FormLabel.swift in Sources */,
				5998222F2BB04CC900B5EE32 /* Measurement.swift in Sources */,
				593207F22BFC1DFF0011096D /* EnduranceAccuracy.swift in Sources */,
				595788482BA7095900A5B8F5 /* DeleteUserButton.swift in Sources */,
				59A4BB272BDBCA47006DD932 /* predFVC.swift in Sources */,
				59C686B52B6816B300A827C1 /* MEPApp.swift in Sources */,
				59091DC72BCF39CC0025F6EF /* RespiratoryResultsChartPlaceHolder.swift in Sources */,
				9CDABABE2D0AEB18003F53D8 /* UInt8.swift in Sources */,
				59E43A4C2B8E76B000752CD1 /* CoreBluetoothViewModelExtension.swift in Sources */,
				594334962B6FC41000ADE124 /* LungCapacityMeasurementTable.swift in Sources */,
				59D7D6802B6BEB8C0096E3C5 /* RespiratoryMeasurementResultsScreen.swift in Sources */,
				59B768782B72A95400D1BA57 /* EnduranceExerciseMeasurementScreen.swift in Sources */,
			);
			runOnlyForDeploymentPostprocessing = 0;
		};
/* End PBXSourcesBuildPhase section */

/* Begin XCBuildConfiguration section */
		59C686C22B6816B400A827C1 /* Debug */ = {
			isa = XCBuildConfiguration;
			buildSettings = {
				ALWAYS_SEARCH_USER_PATHS = NO;
				ASSETCATALOG_COMPILER_GENERATE_SWIFT_ASSET_SYMBOL_EXTENSIONS = YES;
				CLANG_ANALYZER_NONNULL = YES;
				CLANG_ANALYZER_NUMBER_OBJECT_CONVERSION = YES_AGGRESSIVE;
				CLANG_CXX_LANGUAGE_STANDARD = "gnu++20";
				CLANG_ENABLE_MODULES = YES;
				CLANG_ENABLE_OBJC_ARC = YES;
				CLANG_ENABLE_OBJC_WEAK = YES;
				CLANG_WARN_BLOCK_CAPTURE_AUTORELEASING = YES;
				CLANG_WARN_BOOL_CONVERSION = YES;
				CLANG_WARN_COMMA = YES;
				CLANG_WARN_CONSTANT_CONVERSION = YES;
				CLANG_WARN_DEPRECATED_OBJC_IMPLEMENTATIONS = YES;
				CLANG_WARN_DIRECT_OBJC_ISA_USAGE = YES_ERROR;
				CLANG_WARN_DOCUMENTATION_COMMENTS = YES;
				CLANG_WARN_EMPTY_BODY = YES;
				CLANG_WARN_ENUM_CONVERSION = YES;
				CLANG_WARN_INFINITE_RECURSION = YES;
				CLANG_WARN_INT_CONVERSION = YES;
				CLANG_WARN_NON_LITERAL_NULL_CONVERSION = YES;
				CLANG_WARN_OBJC_IMPLICIT_RETAIN_SELF = YES;
				CLANG_WARN_OBJC_LITERAL_CONVERSION = YES;
				CLANG_WARN_OBJC_ROOT_CLASS = YES_ERROR;
				CLANG_WARN_QUOTED_INCLUDE_IN_FRAMEWORK_HEADER = YES;
				CLANG_WARN_RANGE_LOOP_ANALYSIS = YES;
				CLANG_WARN_STRICT_PROTOTYPES = YES;
				CLANG_WARN_SUSPICIOUS_MOVE = YES;
				CLANG_WARN_UNGUARDED_AVAILABILITY = YES_AGGRESSIVE;
				CLANG_WARN_UNREACHABLE_CODE = YES;
				CLANG_WARN__DUPLICATE_METHOD_MATCH = YES;
				COPY_PHASE_STRIP = NO;
				DEBUG_INFORMATION_FORMAT = dwarf;
				ENABLE_STRICT_OBJC_MSGSEND = YES;
				ENABLE_TESTABILITY = YES;
				ENABLE_USER_SCRIPT_SANDBOXING = YES;
				GCC_C_LANGUAGE_STANDARD = gnu17;
				GCC_DYNAMIC_NO_PIC = NO;
				GCC_NO_COMMON_BLOCKS = YES;
				GCC_OPTIMIZATION_LEVEL = 0;
				GCC_PREPROCESSOR_DEFINITIONS = (
					"DEBUG=1",
					"$(inherited)",
				);
				GCC_WARN_64_TO_32_BIT_CONVERSION = YES;
				GCC_WARN_ABOUT_RETURN_TYPE = YES_ERROR;
				GCC_WARN_UNDECLARED_SELECTOR = YES;
				GCC_WARN_UNINITIALIZED_AUTOS = YES_AGGRESSIVE;
				GCC_WARN_UNUSED_FUNCTION = YES;
				GCC_WARN_UNUSED_VARIABLE = YES;
				IPHONEOS_DEPLOYMENT_TARGET = 17.2;
				LOCALIZATION_PREFERS_STRING_CATALOGS = YES;
				MTL_ENABLE_DEBUG_INFO = INCLUDE_SOURCE;
				MTL_FAST_MATH = YES;
				ONLY_ACTIVE_ARCH = YES;
				SDKROOT = iphoneos;
				SWIFT_ACTIVE_COMPILATION_CONDITIONS = "DEBUG $(inherited)";
				SWIFT_OPTIMIZATION_LEVEL = "-Onone";
			};
			name = Debug;
		};
		59C686C32B6816B400A827C1 /* Release */ = {
			isa = XCBuildConfiguration;
			buildSettings = {
				ALWAYS_SEARCH_USER_PATHS = NO;
				ASSETCATALOG_COMPILER_GENERATE_SWIFT_ASSET_SYMBOL_EXTENSIONS = YES;
				CLANG_ANALYZER_NONNULL = YES;
				CLANG_ANALYZER_NUMBER_OBJECT_CONVERSION = YES_AGGRESSIVE;
				CLANG_CXX_LANGUAGE_STANDARD = "gnu++20";
				CLANG_ENABLE_MODULES = YES;
				CLANG_ENABLE_OBJC_ARC = YES;
				CLANG_ENABLE_OBJC_WEAK = YES;
				CLANG_WARN_BLOCK_CAPTURE_AUTORELEASING = YES;
				CLANG_WARN_BOOL_CONVERSION = YES;
				CLANG_WARN_COMMA = YES;
				CLANG_WARN_CONSTANT_CONVERSION = YES;
				CLANG_WARN_DEPRECATED_OBJC_IMPLEMENTATIONS = YES;
				CLANG_WARN_DIRECT_OBJC_ISA_USAGE = YES_ERROR;
				CLANG_WARN_DOCUMENTATION_COMMENTS = YES;
				CLANG_WARN_EMPTY_BODY = YES;
				CLANG_WARN_ENUM_CONVERSION = YES;
				CLANG_WARN_INFINITE_RECURSION = YES;
				CLANG_WARN_INT_CONVERSION = YES;
				CLANG_WARN_NON_LITERAL_NULL_CONVERSION = YES;
				CLANG_WARN_OBJC_IMPLICIT_RETAIN_SELF = YES;
				CLANG_WARN_OBJC_LITERAL_CONVERSION = YES;
				CLANG_WARN_OBJC_ROOT_CLASS = YES_ERROR;
				CLANG_WARN_QUOTED_INCLUDE_IN_FRAMEWORK_HEADER = YES;
				CLANG_WARN_RANGE_LOOP_ANALYSIS = YES;
				CLANG_WARN_STRICT_PROTOTYPES = YES;
				CLANG_WARN_SUSPICIOUS_MOVE = YES;
				CLANG_WARN_UNGUARDED_AVAILABILITY = YES_AGGRESSIVE;
				CLANG_WARN_UNREACHABLE_CODE = YES;
				CLANG_WARN__DUPLICATE_METHOD_MATCH = YES;
				COPY_PHASE_STRIP = NO;
				DEBUG_INFORMATION_FORMAT = "dwarf-with-dsym";
				ENABLE_NS_ASSERTIONS = NO;
				ENABLE_STRICT_OBJC_MSGSEND = YES;
				ENABLE_USER_SCRIPT_SANDBOXING = YES;
				GCC_C_LANGUAGE_STANDARD = gnu17;
				GCC_NO_COMMON_BLOCKS = YES;
				GCC_WARN_64_TO_32_BIT_CONVERSION = YES;
				GCC_WARN_ABOUT_RETURN_TYPE = YES_ERROR;
				GCC_WARN_UNDECLARED_SELECTOR = YES;
				GCC_WARN_UNINITIALIZED_AUTOS = YES_AGGRESSIVE;
				GCC_WARN_UNUSED_FUNCTION = YES;
				GCC_WARN_UNUSED_VARIABLE = YES;
				IPHONEOS_DEPLOYMENT_TARGET = 17.2;
				LOCALIZATION_PREFERS_STRING_CATALOGS = YES;
				MTL_ENABLE_DEBUG_INFO = NO;
				MTL_FAST_MATH = YES;
				SDKROOT = iphoneos;
				SWIFT_COMPILATION_MODE = wholemodule;
				VALIDATE_PRODUCT = YES;
			};
			name = Release;
		};
		59C686C52B6816B400A827C1 /* Debug */ = {
			isa = XCBuildConfiguration;
			buildSettings = {
				ASSETCATALOG_COMPILER_APPICON_NAME = AppIcon;
				ASSETCATALOG_COMPILER_GLOBAL_ACCENT_COLOR_NAME = AccentColor;
				CODE_SIGN_STYLE = Automatic;
				CURRENT_PROJECT_VERSION = 12;
				DEVELOPMENT_ASSET_PATHS = "\"IMT-PEP100/Preview Content\"";
				DEVELOPMENT_TEAM = MY7H65WNWV;
				ENABLE_PREVIEWS = YES;
				GENERATE_INFOPLIST_FILE = YES;
				INFOPLIST_FILE = "IMT-PEP100/Info.plist";
				INFOPLIST_KEY_CFBundleDisplayName = IMT/PEP100;
				INFOPLIST_KEY_LSApplicationCategoryType = "public.app-category.healthcare-fitness";
				INFOPLIST_KEY_NSBluetoothAlwaysUsageDescription = "We use Bluetooth to connect to the MIP/MEP device";
				INFOPLIST_KEY_NSBluetoothPeripheralUsageDescription = "We use Bluetooth to connect to the MIP/MEP device";
				INFOPLIST_KEY_UIApplicationSceneManifest_Generation = YES;
				INFOPLIST_KEY_UIApplicationSupportsIndirectInputEvents = YES;
				INFOPLIST_KEY_UILaunchScreen_Generation = YES;
				INFOPLIST_KEY_UIStatusBarStyle = UIStatusBarStyleLightContent;
				INFOPLIST_KEY_UISupportedInterfaceOrientations = UIInterfaceOrientationPortrait;
				INFOPLIST_KEY_UISupportedInterfaceOrientations_iPad = "UIInterfaceOrientationLandscapeLeft UIInterfaceOrientationLandscapeRight UIInterfaceOrientationPortrait UIInterfaceOrientationPortraitUpsideDown";
				IPHONEOS_DEPLOYMENT_TARGET = 16.4;
				LD_RUNPATH_SEARCH_PATHS = (
					"$(inherited)",
					"@executable_path/Frameworks",
				);
				MARKETING_VERSION = 0.1;
				PRODUCT_BUNDLE_IDENTIFIER = "com.ricky.imt-pep100";
				PRODUCT_NAME = "$(TARGET_NAME)";
				SUPPORTED_PLATFORMS = "iphoneos iphonesimulator";
				SUPPORTS_MACCATALYST = NO;
				SUPPORTS_MAC_DESIGNED_FOR_IPHONE_IPAD = NO;
				SUPPORTS_XR_DESIGNED_FOR_IPHONE_IPAD = NO;
				SWIFT_EMIT_LOC_STRINGS = YES;
				SWIFT_VERSION = 5.0;
				TARGETED_DEVICE_FAMILY = 1;
			};
			name = Debug;
		};
		59C686C62B6816B400A827C1 /* Release */ = {
			isa = XCBuildConfiguration;
			buildSettings = {
				ASSETCATALOG_COMPILER_APPICON_NAME = AppIcon;
				ASSETCATALOG_COMPILER_GLOBAL_ACCENT_COLOR_NAME = AccentColor;
				CODE_SIGN_STYLE = Automatic;
				CURRENT_PROJECT_VERSION = 12;
				DEVELOPMENT_ASSET_PATHS = "\"IMT-PEP100/Preview Content\"";
				DEVELOPMENT_TEAM = MY7H65WNWV;
				ENABLE_PREVIEWS = YES;
				GENERATE_INFOPLIST_FILE = YES;
				INFOPLIST_FILE = "IMT-PEP100/Info.plist";
				INFOPLIST_KEY_CFBundleDisplayName = IMT/PEP100;
				INFOPLIST_KEY_LSApplicationCategoryType = "public.app-category.healthcare-fitness";
				INFOPLIST_KEY_NSBluetoothAlwaysUsageDescription = "We use Bluetooth to connect to the MIP/MEP device";
				INFOPLIST_KEY_NSBluetoothPeripheralUsageDescription = "We use Bluetooth to connect to the MIP/MEP device";
				INFOPLIST_KEY_UIApplicationSceneManifest_Generation = YES;
				INFOPLIST_KEY_UIApplicationSupportsIndirectInputEvents = YES;
				INFOPLIST_KEY_UILaunchScreen_Generation = YES;
				INFOPLIST_KEY_UIStatusBarStyle = UIStatusBarStyleLightContent;
				INFOPLIST_KEY_UISupportedInterfaceOrientations = UIInterfaceOrientationPortrait;
				INFOPLIST_KEY_UISupportedInterfaceOrientations_iPad = "UIInterfaceOrientationLandscapeLeft UIInterfaceOrientationLandscapeRight UIInterfaceOrientationPortrait UIInterfaceOrientationPortraitUpsideDown";
				IPHONEOS_DEPLOYMENT_TARGET = 16.4;
				LD_RUNPATH_SEARCH_PATHS = (
					"$(inherited)",
					"@executable_path/Frameworks",
				);
				MARKETING_VERSION = 0.1;
				PRODUCT_BUNDLE_IDENTIFIER = "com.ricky.imt-pep100";
				PRODUCT_NAME = "$(TARGET_NAME)";
				SUPPORTED_PLATFORMS = "iphoneos iphonesimulator";
				SUPPORTS_MACCATALYST = NO;
				SUPPORTS_MAC_DESIGNED_FOR_IPHONE_IPAD = NO;
				SUPPORTS_XR_DESIGNED_FOR_IPHONE_IPAD = NO;
				SWIFT_EMIT_LOC_STRINGS = YES;
				SWIFT_VERSION = 5.0;
				TARGETED_DEVICE_FAMILY = 1;
			};
			name = Release;
		};
/* End XCBuildConfiguration section */

/* Begin XCConfigurationList section */
		59C686AC2B6816B300A827C1 /* Build configuration list for PBXProject "IMT-PEP100" */ = {
			isa = XCConfigurationList;
			buildConfigurations = (
				59C686C22B6816B400A827C1 /* Debug */,
				59C686C32B6816B400A827C1 /* Release */,
			);
			defaultConfigurationIsVisible = 0;
			defaultConfigurationName = Release;
		};
		59C686C42B6816B400A827C1 /* Build configuration list for PBXNativeTarget "IMT-PEP100" */ = {
			isa = XCConfigurationList;
			buildConfigurations = (
				59C686C52B6816B400A827C1 /* Debug */,
				59C686C62B6816B400A827C1 /* Release */,
			);
			defaultConfigurationIsVisible = 0;
			defaultConfigurationName = Release;
		};
/* End XCConfigurationList section */

/* Begin XCRemoteSwiftPackageReference section */
		59C686CE2B683F8000A827C1 /* XCRemoteSwiftPackageReference "SwiftUI-Introspect" */ = {
			isa = XCRemoteSwiftPackageReference;
			repositoryURL = "https://github.com/siteline/SwiftUI-Introspect";
			requirement = {
				kind = upToNextMajorVersion;
				minimumVersion = 1.1.2;
			};
		};
/* End XCRemoteSwiftPackageReference section */

/* Begin XCSwiftPackageProductDependency section */
		59C686CF2B683F8000A827C1 /* SwiftUIIntrospect */ = {
			isa = XCSwiftPackageProductDependency;
			package = 59C686CE2B683F8000A827C1 /* XCRemoteSwiftPackageReference "SwiftUI-Introspect" */;
			productName = SwiftUIIntrospect;
		};
/* End XCSwiftPackageProductDependency section */

/* Begin XCVersionGroup section */
		9CDABAB82D0AEAD5003F53D8 /* MEP.xcdatamodeld */ = {
			isa = XCVersionGroup;
			children = (
				9CDABAB92D0AEAD5003F53D8 /* MEP.xcdatamodel */,
			);
			currentVersion = 9CDABAB92D0AEAD5003F53D8 /* MEP.xcdatamodel */;
			path = MEP.xcdatamodeld;
			sourceTree = "<group>";
			versionGroupType = wrapper.xcdatamodel;
		};
/* End XCVersionGroup section */
	};
	rootObject = 59C686A92B6816B300A827C1 /* Project object */;
}
